
Microsoft Visual Studio Solution File, Format Version 12.00
Project("{2150E333-8FDC-42A3-9474-1A3956D46DE8}") = "CangguEvents.Admin", "CangguEvents.Admin", "{CDE18E5B-C1DD-4D09-A711-8E067408FC8D}"
EndProject
Project("{2150E333-8FDC-42A3-9474-1A3956D46DE8}") = "CangguEvents.Domain", "CangguEvents.Domain", "{29F38BC4-470B-4231-A9E9-3FD31B123889}"
EndProject
Project("{2150E333-8FDC-42A3-9474-1A3956D46DE8}") = "src", "src", "{8393C84A-DD72-463C-AE86-6418E13B9309}"
EndProject
Project("{2150E333-8FDC-42A3-9474-1A3956D46DE8}") = "src", "src", "{8006DCC2-E0F7-4063-933D-CB11BA577734}"
EndProject
Project("{2150E333-8FDC-42A3-9474-1A3956D46DE8}") = "CangguEvents.MongoDb", "CangguEvents.MongoDb", "{EFECF15F-4F89-4717-91DA-8AE703E6C0A3}"
EndProject
Project("{2150E333-8FDC-42A3-9474-1A3956D46DE8}") = "src", "src", "{6D918F8B-1DD3-4C03-B890-F4A7FF0DDA0A}"
EndProject
Project("{2150E333-8FDC-42A3-9474-1A3956D46DE8}") = "CangguEvents.TelegramBot", "CangguEvents.TelegramBot", "{429264E9-F015-4A60-949D-B96C8CA7A160}"
EndProject
Project("{2150E333-8FDC-42A3-9474-1A3956D46DE8}") = "src", "src", "{7CA15E46-1D76-49A1-BCE5-59E14ED75920}"
EndProject
Project("{2150E333-8FDC-42A3-9474-1A3956D46DE8}") = "tests", "tests", "{8C16C3FB-BE9C-48C3-A675-3F19020DD85E}"
EndProject
Project("{FAE04EC0-301F-11D3-BF4B-00C04F79EFBC}") = "CangguEvents.IntegrationTests", "CangguEvents.TelegramBot\tests\CangguEvents.IntegrationTests\CangguEvents.IntegrationTests.csproj", "{730B29EC-56D7-49DA-AF28-B704A34F5B25}"
EndProject
Project("{FAE04EC0-301F-11D3-BF4B-00C04F79EFBC}") = "CangguEvents.UnitTests", "CangguEvents.TelegramBot\tests\CangguEvents.UnitTests\CangguEvents.UnitTests.csproj", "{44C2CAA7-AFAE-4144-97ED-7728B8849F7B}"
EndProject
Project("{FAE04EC0-301F-11D3-BF4B-00C04F79EFBC}") = "CangguEvents.Admin.Application", "..\CangguEvents.Admin\src\CangguEvents.Admin.Application\CangguEvents.Admin.Application.csproj", "{DC1B1946-0E03-40CF-8278-DE5564CC4F64}"
EndProject
Project("{FAE04EC0-301F-11D3-BF4B-00C04F79EFBC}") = "CangguEvents.Web", "..\CangguEvents.Admin\src\CangguEvents.Admin.Web\CangguEvents.Web.csproj", "{CF0342E2-E2E8-4C0A-A981-1AF0854E41A0}"
EndProject
Project("{FAE04EC0-301F-11D3-BF4B-00C04F79EFBC}") = "CangguEvents.Domain", "..\CangguEvents.Domain\src\CangguEvents.Domain\CangguEvents.Domain.csproj", "{D855CA1E-F63F-453D-BC99-1DF0FC0B9B49}"
EndProject
Project("{FAE04EC0-301F-11D3-BF4B-00C04F79EFBC}") = "CangguEvents.MongoDb", "..\CangguEvents.MongoDb\src\CangguEvents.MongoDb\CangguEvents.MongoDb.csproj", "{7E39702F-B0C7-4BF7-8214-086EDB00DC3B}"
EndProject
Project("{FAE04EC0-301F-11D3-BF4B-00C04F79EFBC}") = "CangguEvents.TelegramBot.Application", "..\CangguEvents.TelegramBot\src\CangguEvents.TelegramBot.Application\CangguEvents.TelegramBot.Application.csproj", "{054F1617-5553-45BA-BC8D-4C2D30B83D01}"
EndProject
Project("{FAE04EC0-301F-11D3-BF4B-00C04F79EFBC}") = "CangguEvents.TelegramBot.Webhook", "..\CangguEvents.TelegramBot\src\CangguEvents.TelegramBot.Webhook\CangguEvents.TelegramBot.Webhook.csproj", "{B5D1D440-598C-4AE9-B690-77EAC169A0C4}"
EndProject
Global
	GlobalSection(SolutionConfigurationPlatforms) = preSolution
		Debug|Any CPU = Debug|Any CPU
		Release|Any CPU = Release|Any CPU
	EndGlobalSection
	GlobalSection(ProjectConfigurationPlatforms) = postSolution
		{730B29EC-56D7-49DA-AF28-B704A34F5B25}.Debug|Any CPU.ActiveCfg = Debug|Any CPU
		{730B29EC-56D7-49DA-AF28-B704A34F5B25}.Debug|Any CPU.Build.0 = Debug|Any CPU
		{730B29EC-56D7-49DA-AF28-B704A34F5B25}.Release|Any CPU.ActiveCfg = Release|Any CPU
		{730B29EC-56D7-49DA-AF28-B704A34F5B25}.Release|Any CPU.Build.0 = Release|Any CPU
		{44C2CAA7-AFAE-4144-97ED-7728B8849F7B}.Debug|Any CPU.ActiveCfg = Debug|Any CPU
		{44C2CAA7-AFAE-4144-97ED-7728B8849F7B}.Debug|Any CPU.Build.0 = Debug|Any CPU
		{44C2CAA7-AFAE-4144-97ED-7728B8849F7B}.Release|Any CPU.ActiveCfg = Release|Any CPU
		{44C2CAA7-AFAE-4144-97ED-7728B8849F7B}.Release|Any CPU.Build.0 = Release|Any CPU
		{DC1B1946-0E03-40CF-8278-DE5564CC4F64}.Debug|Any CPU.ActiveCfg = Debug|Any CPU
		{DC1B1946-0E03-40CF-8278-DE5564CC4F64}.Debug|Any CPU.Build.0 = Debug|Any CPU
		{DC1B1946-0E03-40CF-8278-DE5564CC4F64}.Release|Any CPU.ActiveCfg = Release|Any CPU
		{DC1B1946-0E03-40CF-8278-DE5564CC4F64}.Release|Any CPU.Build.0 = Release|Any CPU
		{CF0342E2-E2E8-4C0A-A981-1AF0854E41A0}.Debug|Any CPU.ActiveCfg = Debug|Any CPU
		{CF0342E2-E2E8-4C0A-A981-1AF0854E41A0}.Debug|Any CPU.Build.0 = Debug|Any CPU
		{CF0342E2-E2E8-4C0A-A981-1AF0854E41A0}.Release|Any CPU.ActiveCfg = Release|Any CPU
		{CF0342E2-E2E8-4C0A-A981-1AF0854E41A0}.Release|Any CPU.Build.0 = Release|Any CPU
		{D855CA1E-F63F-453D-BC99-1DF0FC0B9B49}.Debug|Any CPU.ActiveCfg = Debug|Any CPU
		{D855CA1E-F63F-453D-BC99-1DF0FC0B9B49}.Debug|Any CPU.Build.0 = Debug|Any CPU
		{D855CA1E-F63F-453D-BC99-1DF0FC0B9B49}.Release|Any CPU.ActiveCfg = Release|Any CPU
		{D855CA1E-F63F-453D-BC99-1DF0FC0B9B49}.Release|Any CPU.Build.0 = Release|Any CPU
		{7E39702F-B0C7-4BF7-8214-086EDB00DC3B}.Debug|Any CPU.ActiveCfg = Debug|Any CPU
		{7E39702F-B0C7-4BF7-8214-086EDB00DC3B}.Debug|Any CPU.Build.0 = Debug|Any CPU
		{7E39702F-B0C7-4BF7-8214-086EDB00DC3B}.Release|Any CPU.ActiveCfg = Release|Any CPU
		{7E39702F-B0C7-4BF7-8214-086EDB00DC3B}.Release|Any CPU.Build.0 = Release|Any CPU
		{054F1617-5553-45BA-BC8D-4C2D30B83D01}.Debug|Any CPU.ActiveCfg = Debug|Any CPU
		{054F1617-5553-45BA-BC8D-4C2D30B83D01}.Debug|Any CPU.Build.0 = Debug|Any CPU
		{054F1617-5553-45BA-BC8D-4C2D30B83D01}.Release|Any CPU.ActiveCfg = Release|Any CPU
		{054F1617-5553-45BA-BC8D-4C2D30B83D01}.Release|Any CPU.Build.0 = Release|Any CPU
		{B5D1D440-598C-4AE9-B690-77EAC169A0C4}.Debug|Any CPU.ActiveCfg = Debug|Any CPU
		{B5D1D440-598C-4AE9-B690-77EAC169A0C4}.Debug|Any CPU.Build.0 = Debug|Any CPU
		{B5D1D440-598C-4AE9-B690-77EAC169A0C4}.Release|Any CPU.ActiveCfg = Release|Any CPU
		{B5D1D440-598C-4AE9-B690-77EAC169A0C4}.Release|Any CPU.Build.0 = Release|Any CPU
	EndGlobalSection
	GlobalSection(NestedProjects) = preSolution
		{8393C84A-DD72-463C-AE86-6418E13B9309} = {29F38BC4-470B-4231-A9E9-3FD31B123889}
		{8006DCC2-E0F7-4063-933D-CB11BA577734} = {CDE18E5B-C1DD-4D09-A711-8E067408FC8D}
		{6D918F8B-1DD3-4C03-B890-F4A7FF0DDA0A} = {EFECF15F-4F89-4717-91DA-8AE703E6C0A3}
		{7CA15E46-1D76-49A1-BCE5-59E14ED75920} = {429264E9-F015-4A60-949D-B96C8CA7A160}
		{8C16C3FB-BE9C-48C3-A675-3F19020DD85E} = {429264E9-F015-4A60-949D-B96C8CA7A160}
		{730B29EC-56D7-49DA-AF28-B704A34F5B25} = {8C16C3FB-BE9C-48C3-A675-3F19020DD85E}
		{44C2CAA7-AFAE-4144-97ED-7728B8849F7B} = {8C16C3FB-BE9C-48C3-A675-3F19020DD85E}
		{DC1B1946-0E03-40CF-8278-DE5564CC4F64} = {8006DCC2-E0F7-4063-933D-CB11BA577734}
		{CF0342E2-E2E8-4C0A-A981-1AF0854E41A0} = {8006DCC2-E0F7-4063-933D-CB11BA577734}
		{D855CA1E-F63F-453D-BC99-1DF0FC0B9B49} = {8393C84A-DD72-463C-AE86-6418E13B9309}
		{7E39702F-B0C7-4BF7-8214-086EDB00DC3B} = {6D918F8B-1DD3-4C03-B890-F4A7FF0DDA0A}
		{054F1617-5553-45BA-BC8D-4C2D30B83D01} = {7CA15E46-1D76-49A1-BCE5-59E14ED75920}
		{B5D1D440-598C-4AE9-B690-77EAC169A0C4} = {7CA15E46-1D76-49A1-BCE5-59E14ED75920}
	EndGlobalSection
EndGlobal
